
Microsoft Visual Studio Solution File, Format Version 12.00
# Visual Studio Version 17
VisualStudioVersion = 17.7.34031.279
MinimumVisualStudioVersion = 10.0.40219.1
Project("{FAE04EC0-301F-11D3-BF4B-00C04F79EFBC}") = "World_Project", "World_Project\World_Project.csproj", "{AF2F7AC3-3E1A-4494-87F6-615BFD885046}"
EndProject
Global
	GlobalSection(SolutionConfigurationPlatforms) = preSolution
		Debug|Any CPU = Debug|Any CPU
		Release|Any CPU = Release|Any CPU
	EndGlobalSection
	GlobalSection(ProjectConfigurationPlatforms) = postSolution
		{AF2F7AC3-3E1A-4494-87F6-615BFD885046}.Debug|Any CPU.ActiveCfg = Debug|Any CPU
		{AF2F7AC3-3E1A-4494-87F6-615BFD885046}.Debug|Any CPU.Build.0 = Debug|Any CPU
		{AF2F7AC3-3E1A-4494-87F6-615BFD885046}.Release|Any CPU.ActiveCfg = Release|Any CPU
		{AF2F7AC3-3E1A-4494-87F6-615BFD885046}.Release|Any CPU.Build.0 = Release|Any CPU
	EndGlobalSection
	GlobalSection(SolutionProperties) = preSolution
		HideSolutionNode = FALSE
	EndGlobalSection
	GlobalSection(ExtensibilityGlobals) = postSolution
		SolutionGuid = {359067FF-5D9E-4AB0-AC5A-848CBFCEDA80}
	EndGlobalSection
EndGlobal
